# This file is autogenerated, do not edit; changes may be undone by the next 'dep ensure'.


[[projects]]
  name = "github.com/lggomezml/dummyrepo-go"
  packages = ["demo"]
  revision = "f62710a122f62cdb564daa2414fe23d2f73ad3a4"
  version = "1.0"

[solve-meta]
  analyzer-name = "dep"
  analyzer-version = 1
  inputs-digest = "36e7c78eefff5ec3d43f3f4118782c69670a7ca0b78dc0c7a45097721276462b"
  solver-name = "gps-cdcl"
  solver-version = 1
