# This file is autogenerated, do not edit; changes may be undone by the next 'dep ensure'.


[[projects]]
  name = "github.com/lggomezml/dummyrepo-go"
  packages = ["demo"]
  revision = "87c1bfec364298e5735c64f057113e79c94934bf"
  version = "v2.0"

[solve-meta]
  analyzer-name = "dep"
  analyzer-version = 1
  inputs-digest = "b075692d04720b34a40d254372dc21dd47d2df3c0c2d34f714209eed1ca5b999"
  solver-name = "gps-cdcl"
  solver-version = 1
